# This file is autogenerated, do not edit; changes may be undone by the next 'dep ensure'.


[[projects]]
  name = "github.com/TV4/graceful"
  packages = ["."]
  revision = "38c3c4980bed6ed0aac95529c2cded4986e0e2a8"
  version = "v0.3.3"

[[projects]]
  branch = "master"
  name = "github.com/frozzare/go-httpapi"
  packages = ["."]
  revision = "aaf5c5aaceebd0a2548042bcf51760b76ca0d902"

[[projects]]
  name = "github.com/go-sql-driver/mysql"
  packages = ["."]
  revision = "a0583e0143b1624142adab07e0e97fe106d99561"
  version = "v1.3"

[[projects]]
  name = "github.com/jinzhu/gorm"
  packages = [".","dialects/mysql"]
  revision = "6ed508ec6a4ecb3531899a69cbc746ccf65a4166"
  version = "v1.9.1"

[[projects]]
  branch = "master"
  name = "github.com/jinzhu/inflection"
  packages = ["."]
  revision = "04140366298a54a039076d798123ffa108fff46c"

[[projects]]
  branch = "master"
  name = "github.com/julienschmidt/httprouter"
  packages = ["."]
  revision = "adbc77eec0d91467376ca515bc3a14b8434d0f18"

[[projects]]
  branch = "master"
  name = "github.com/justinas/alice"
  packages = ["."]
  revision = "03f45bd4b7dad4734bc4620e46a35789349abb20"

[solve-meta]
  analyzer-name = "dep"
  analyzer-version = 1
  inputs-digest = "bbec0766364ae18c7f5c0b359c434e66d1a8b7c0157daac15ed241536e5cd922"
  solver-name = "gps-cdcl"
  solver-version = 1
